{
  "requires": true,
  "lockfileVersion": 1,
  "dependencies": {
    "wp_theme_starter": {
      "version": "1.1.1",
      "resolved": "https://registry.npmjs.org/wp_theme_starter/-/wp_theme_starter-1.1.1.tgz",
      "integrity": "sha512-B/cwhBGPMSYC/z7wZIcFh9MhAAv9UpR3RLRG3t2RiL1DFJ/lxZlG3vJsvmY98lnUCfUOddMTKbRoz6Nh5Q1Nbw=="
    }
  }
}
